// !$*UTF8*$!
{
	archiveVersion = 1;
	classes = {
	};
	objectVersion = 77;
	objects = {

/* Begin PBXBuildFile section */
		B93316EC2FA5FB430039C91E /* _RopeModule in Frameworks */ = {isa = PBXBuildFile; productRef = B93316EB2FA5FB430039C91E /* _RopeModule */; };
		B93316EE2FA5FB430039C91E /* BasicContainers in Frameworks */ = {isa = PBXBuildFile; productRef = B93316ED2FA5FB430039C91E /* BasicContainers */; };
		B93316F02FA5FB430039C91E /* BitCollections in Frameworks */ = {isa = PBXBuildFile; productRef = B93316EF2FA5FB430039C91E /* BitCollections */; };
		B93316F22FA5FB430039C91E /* Collections in Frameworks */ = {isa = PBXBuildFile; productRef = B93316F12FA5FB430039C91E /* Collections */; };
		B93316F42FA5FB430039C91E /* ContainersPreview in Frameworks */ = {isa = PBXBuildFile; productRef = B93316F32FA5FB430039C91E /* ContainersPreview */; };
		B93316F62FA5FB430039C91E /* DequeModule in Frameworks */ = {isa = PBXBuildFile; productRef = B93316F52FA5FB430039C91E /* DequeModule */; };
		B93316F82FA5FB430039C91E /* HashTreeCollections in Frameworks */ = {isa = PBXBuildFile; productRef = B93316F72FA5FB430039C91E /* HashTreeCollections */; };
		B93316FA2FA5FB430039C91E /* HeapModule in Frameworks */ = {isa = PBXBuildFile; productRef = B93316F92FA5FB430039C91E /* HeapModule */; };
		B93316FC2FA5FB430039C91E /* OrderedCollections in Frameworks */ = {isa = PBXBuildFile; productRef = B93316FB2FA5FB430039C91E /* OrderedCollections */; };
		B93316FE2FA5FB430039C91E /* SortedCollections in Frameworks */ = {isa = PBXBuildFile; productRef = B93316FD2FA5FB430039C91E /* SortedCollections */; };
		B93317002FA5FB430039C91E /* TrailingElementsModule in Frameworks */ = {isa = PBXBuildFile; productRef = B93316FF2FA5FB430039C91E /* TrailingElementsModule */; };
		B93317032FA5FB5B0039C91E /* Algorithms in Frameworks */ = {isa = PBXBuildFile; productRef = B93317022FA5FB5B0039C91E /* Algorithms */; };
		B93317062FA5FBD00039C91E /* AsyncAlgorithms in Frameworks */ = {isa = PBXBuildFile; productRef = B93317052FA5FBD00039C91E /* AsyncAlgorithms */; };
		B93317082FA5FC1D0039C91E /* Lottie in Frameworks */ = {isa = PBXBuildFile; productRef = B93317072FA5FC1D0039C91E /* Lottie */; };
		B933170A2FA5FC1D0039C91E /* _RopeModule in Frameworks */ = {isa = PBXBuildFile; productRef = B93317092FA5FC1D0039C91E /* _RopeModule */; };
		B933170C2FA5FC1D0039C91E /* BasicContainers in Frameworks */ = {isa = PBXBuildFile; productRef = B933170B2FA5FC1D0039C91E /* BasicContainers */; };
		B933170E2FA5FC1D0039C91E /* BitCollections in Frameworks */ = {isa = PBXBuildFile; productRef = B933170D2FA5FC1D0039C91E /* BitCollections */; };
		B93317102FA5FC1D0039C91E /* Collections in Frameworks */ = {isa = PBXBuildFile; productRef = B933170F2FA5FC1D0039C91E /* Collections */; };
		B93317122FA5FC1D0039C91E /* ContainersPreview in Frameworks */ = {isa = PBXBuildFile; productRef = B93317112FA5FC1D0039C91E /* ContainersPreview */; };
		B93317142FA5FC1D0039C91E /* DequeModule in Frameworks */ = {isa = PBXBuildFile; productRef = B93317132FA5FC1D0039C91E /* DequeModule */; };
		B93317162FA5FC1D0039C91E /* HashTreeCollections in Frameworks */ = {isa = PBXBuildFile; productRef = B93317152FA5FC1D0039C91E /* HashTreeCollections */; };
		B93317182FA5FC1D0039C91E /* HeapModule in Frameworks */ = {isa = PBXBuildFile; productRef = B93317172FA5FC1D0039C91E /* HeapModule */; };
		B933171A2FA5FC1D0039C91E /* OrderedCollections in Frameworks */ = {isa = PBXBuildFile; productRef = B93317192FA5FC1D0039C91E /* OrderedCollections */; };
		B933171C2FA5FC1D0039C91E /* SortedCollections in Frameworks */ = {isa = PBXBuildFile; productRef = B933171B2FA5FC1D0039C91E /* SortedCollections */; };
		B933171E2FA5FC1D0039C91E /* TrailingElementsModule in Frameworks */ = {isa = PBXBuildFile; productRef = B933171D2FA5FC1D0039C91E /* TrailingElementsModule */; };
		B93317202FA5FC1D0039C91E /* Algorithms in Frameworks */ = {isa = PBXBuildFile; productRef = B933171F2FA5FC1D0039C91E /* Algorithms */; };
		B93317222FA5FC1D0039C91E /* AsyncAlgorithms in Frameworks */ = {isa = PBXBuildFile; productRef = B93317212FA5FC1D0039C91E /* AsyncAlgorithms */; };
		B93317252FA5FC420039C91E /* SFSafeSymbols in Frameworks */ = {isa = PBXBuildFile; productRef = B93317242FA5FC420039C91E /* SFSafeSymbols */; };
		B93317282FA5FC7B0039C91E /* Pow in Frameworks */ = {isa = PBXBuildFile; productRef = B93317272FA5FC7B0039C91E /* Pow */; };
		B933172A2FA5FC880039C91E /* SFSafeSymbols in Frameworks */ = {isa = PBXBuildFile; productRef = B93317292FA5FC880039C91E /* SFSafeSymbols */; };
		B933172C2FA5FC880039C91E /* Pow in Frameworks */ = {isa = PBXBuildFile; productRef = B933172B2FA5FC880039C91E /* Pow */; };
		BE763CED2F8EA66C004DE460 /* Lottie in Frameworks */ = {isa = PBXBuildFile; productRef = BE763CEC2F8EA66C004DE460 /* Lottie */; };
/* End PBXBuildFile section */

/* Begin PBXFileReference section */
		BED007762EFFFB2B008E5FDB /* Games Collection.app */ = {isa = PBXFileReference; explicitFileType = wrapper.application; includeInIndex = 0; path = "Games Collection.app"; sourceTree = BUILT_PRODUCTS_DIR; };
/* End PBXFileReference section */

/* Begin PBXFileSystemSynchronizedRootGroup section */
		BED007782EFFFB2B008E5FDB /* Games Collection */ = {
			isa = PBXFileSystemSynchronizedRootGroup;
			path = "Games Collection";
			sourceTree = "<group>";
		};
		BED007852EFFFBB5008E5FDB /* Games */ = {
			isa = PBXFileSystemSynchronizedRootGroup;
			path = Games;
			sourceTree = "<group>";
		};
/* End PBXFileSystemSynchronizedRootGroup section */

/* Begin PBXFrameworksBuildPhase section */
		BED007732EFFFB2B008E5FDB /* Frameworks */ = {
			isa = PBXFrameworksBuildPhase;
			buildActionMask = 2147483647;
			files = (
				B93317252FA5FC420039C91E /* SFSafeSymbols in Frameworks */,
				B933172C2FA5FC880039C91E /* Pow in Frameworks */,
				B93316FC2FA5FB430039C91E /* OrderedCollections in Frameworks */,
				B933170C2FA5FC1D0039C91E /* BasicContainers in Frameworks */,
				B933170E2FA5FC1D0039C91E /* BitCollections in Frameworks */,
				B93316FE2FA5FB430039C91E /* SortedCollections in Frameworks */,
				B93317162FA5FC1D0039C91E /* HashTreeCollections in Frameworks */,
				B93317182FA5FC1D0039C91E /* HeapModule in Frameworks */,
				B93316F02FA5FB430039C91E /* BitCollections in Frameworks */,
				B93316EE2FA5FB430039C91E /* BasicContainers in Frameworks */,
				B93317102FA5FC1D0039C91E /* Collections in Frameworks */,
				B93316F22FA5FB430039C91E /* Collections in Frameworks */,
				B93317082FA5FC1D0039C91E /* Lottie in Frameworks */,
				B93317122FA5FC1D0039C91E /* ContainersPreview in Frameworks */,
				B933170A2FA5FC1D0039C91E /* _RopeModule in Frameworks */,
				B93316F62FA5FB430039C91E /* DequeModule in Frameworks */,
				B93317282FA5FC7B0039C91E /* Pow in Frameworks */,
				B933171A2FA5FC1D0039C91E /* OrderedCollections in Frameworks */,
				B93317032FA5FB5B0039C91E /* Algorithms in Frameworks */,
				B933171C2FA5FC1D0039C91E /* SortedCollections in Frameworks */,
				B93316F42FA5FB430039C91E /* ContainersPreview in Frameworks */,
				B933172A2FA5FC880039C91E /* SFSafeSymbols in Frameworks */,
				B93317202FA5FC1D0039C91E /* Algorithms in Frameworks */,
				B93317002FA5FB430039C91E /* TrailingElementsModule in Frameworks */,
				B93316EC2FA5FB430039C91E /* _RopeModule in Frameworks */,
				B93316F82FA5FB430039C91E /* HashTreeCollections in Frameworks */,
				B933171E2FA5FC1D0039C91E /* TrailingElementsModule in Frameworks */,
				B93317142FA5FC1D0039C91E /* DequeModule in Frameworks */,
				B93316FA2FA5FB430039C91E /* HeapModule in Frameworks */,
				BE763CED2F8EA66C004DE460 /* Lottie in Frameworks */,
				B93317062FA5FBD00039C91E /* AsyncAlgorithms in Frameworks */,
				B93317222FA5FC1D0039C91E /* AsyncAlgorithms in Frameworks */,
			);
			runOnlyForDeploymentPostprocessing = 0;
		};
/* End PBXFrameworksBuildPhase section */

/* Begin PBXGroup section */
		B93316EA2FA5FB420039C91E /* Frameworks */ = {
			isa = PBXGroup;
			children = (
			);
			name = Frameworks;
			sourceTree = "<group>";
		};
		BED0076D2EFFFB2B008E5FDB = {
			isa = PBXGroup;
			children = (
				BED007852EFFFBB5008E5FDB /* Games */,
				BED007782EFFFB2B008E5FDB /* Games Collection */,
				B93316EA2FA5FB420039C91E /* Frameworks */,
				BED007772EFFFB2B008E5FDB /* Products */,
			);
			sourceTree = "<group>";
		};
		BED007772EFFFB2B008E5FDB /* Products */ = {
			isa = PBXGroup;
			children = (
				BED007762EFFFB2B008E5FDB /* Games Collection.app */,
			);
			name = Products;
			sourceTree = "<group>";
		};
/* End PBXGroup section */

/* Begin PBXNativeTarget section */
		BED007752EFFFB2B008E5FDB /* Games Collection */ = {
			isa = PBXNativeTarget;
			buildConfigurationList = BED007812EFFFB32008E5FDB /* Build configuration list for PBXNativeTarget "Games Collection" */;
			buildPhases = (
				BED007722EFFFB2B008E5FDB /* Sources */,
				BED007732EFFFB2B008E5FDB /* Frameworks */,
				BED007742EFFFB2B008E5FDB /* Resources */,
			);
			buildRules = (
			);
			dependencies = (
			);
			fileSystemSynchronizedGroups = (
				BED007782EFFFB2B008E5FDB /* Games Collection */,
				BED007852EFFFBB5008E5FDB /* Games */,
			);
			name = "Games Collection";
			productName = "Games Collection";
			productReference = BED007762EFFFB2B008E5FDB /* Games Collection.app */;
			productType = "com.apple.product-type.application";
		};
/* End PBXNativeTarget section */

/* Begin PBXProject section */
		BED0076E2EFFFB2B008E5FDB /* Project object */ = {
			isa = PBXProject;
			attributes = {
				BuildIndependentTargetsInParallel = 1;
				LastSwiftUpdateCheck = 2620;
				LastUpgradeCheck = 2640;
				TargetAttributes = {
					BED007752EFFFB2B008E5FDB = {
						CreatedOnToolsVersion = 26.2;
					};
				};
			};
			buildConfigurationList = BED007712EFFFB2B008E5FDB /* Build configuration list for PBXProject "Games Collection" */;
			developmentRegion = en;
			hasScannedForEncodings = 0;
			knownRegions = (
				en,
				Base,
				de,
			);
			mainGroup = BED0076D2EFFFB2B008E5FDB;
			minimizedProjectReferenceProxies = 1;
			packageReferences = (
				BE763CEB2F8EA66C004DE460 /* XCRemoteSwiftPackageReference "lottie-ios" */,
				B93316E92FA5FB110039C91E /* XCRemoteSwiftPackageReference "swift-collections" */,
				B93317012FA5FB5B0039C91E /* XCRemoteSwiftPackageReference "swift-algorithms" */,
				B93317042FA5FBD00039C91E /* XCRemoteSwiftPackageReference "swift-async-algorithms" */,
				B93317232FA5FC420039C91E /* XCRemoteSwiftPackageReference "SFSafeSymbols" */,
				B93317262FA5FC7B0039C91E /* XCRemoteSwiftPackageReference "Pow" */,
			);
			preferredProjectObjectVersion = 77;
			productRefGroup = BED007772EFFFB2B008E5FDB /* Products */;
			projectDirPath = "";
			projectRoot = "";
			targets = (
				BED007752EFFFB2B008E5FDB /* Games Collection */,
			);
		};
/* End PBXProject section */

/* Begin PBXResourcesBuildPhase section */
		BED007742EFFFB2B008E5FDB /* Resources */ = {
			isa = PBXResourcesBuildPhase;
			buildActionMask = 2147483647;
			files = (
			);
			runOnlyForDeploymentPostprocessing = 0;
		};
/* End PBXResourcesBuildPhase section */

/* Begin PBXSourcesBuildPhase section */
		BED007722EFFFB2B008E5FDB /* Sources */ = {
			isa = PBXSourcesBuildPhase;
			buildActionMask = 2147483647;
			files = (
			);
			runOnlyForDeploymentPostprocessing = 0;
		};
/* End PBXSourcesBuildPhase section */

/* Begin XCBuildConfiguration section */
		BED0077F2EFFFB32008E5FDB /* Debug */ = {
			isa = XCBuildConfiguration;
			buildSettings = {
				ALWAYS_SEARCH_USER_PATHS = NO;
				ASSETCATALOG_COMPILER_GENERATE_SWIFT_ASSET_SYMBOL_EXTENSIONS = YES;
				CLANG_ANALYZER_LOCALIZABILITY_NONLOCALIZED = YES;
				CLANG_ANALYZER_NONNULL = YES;
				CLANG_ANALYZER_NUMBER_OBJECT_CONVERSION = YES_AGGRESSIVE;
				CLANG_CXX_LANGUAGE_STANDARD = "gnu++20";
				CLANG_ENABLE_MODULES = YES;
				CLANG_ENABLE_OBJC_ARC = YES;
				CLANG_ENABLE_OBJC_WEAK = YES;
				CLANG_WARN_BLOCK_CAPTURE_AUTORELEASING = YES;
				CLANG_WARN_BOOL_CONVERSION = YES;
				CLANG_WARN_COMMA = YES;
				CLANG_WARN_CONSTANT_CONVERSION = YES;
				CLANG_WARN_DEPRECATED_OBJC_IMPLEMENTATIONS = YES;
				CLANG_WARN_DIRECT_OBJC_ISA_USAGE = YES_ERROR;
				CLANG_WARN_DOCUMENTATION_COMMENTS = YES;
				CLANG_WARN_EMPTY_BODY = YES;
				CLANG_WARN_ENUM_CONVERSION = YES;
				CLANG_WARN_INFINITE_RECURSION = YES;
				CLANG_WARN_INT_CONVERSION = YES;
				CLANG_WARN_NON_LITERAL_NULL_CONVERSION = YES;
				CLANG_WARN_OBJC_IMPLICIT_RETAIN_SELF = YES;
				CLANG_WARN_OBJC_LITERAL_CONVERSION = YES;
				CLANG_WARN_OBJC_ROOT_CLASS = YES_ERROR;
				CLANG_WARN_QUOTED_INCLUDE_IN_FRAMEWORK_HEADER = YES;
				CLANG_WARN_RANGE_LOOP_ANALYSIS = YES;
				CLANG_WARN_STRICT_PROTOTYPES = YES;
				CLANG_WARN_SUSPICIOUS_MOVE = YES;
				CLANG_WARN_UNGUARDED_AVAILABILITY = YES_AGGRESSIVE;
				CLANG_WARN_UNREACHABLE_CODE = YES;
				CLANG_WARN__DUPLICATE_METHOD_MATCH = YES;
				COPY_PHASE_STRIP = NO;
				DEBUG_INFORMATION_FORMAT = dwarf;
				DEVELOPMENT_TEAM = 3DD4568297;
				ENABLE_STRICT_OBJC_MSGSEND = YES;
				ENABLE_TESTABILITY = YES;
				ENABLE_USER_SCRIPT_SANDBOXING = YES;
				GCC_C_LANGUAGE_STANDARD = gnu17;
				GCC_DYNAMIC_NO_PIC = NO;
				GCC_NO_COMMON_BLOCKS = YES;
				GCC_OPTIMIZATION_LEVEL = 0;
				GCC_PREPROCESSOR_DEFINITIONS = (
					"DEBUG=1",
					"$(inherited)",
				);
				GCC_WARN_64_TO_32_BIT_CONVERSION = YES;
				GCC_WARN_ABOUT_RETURN_TYPE = YES_ERROR;
				GCC_WARN_UNDECLARED_SELECTOR = YES;
				GCC_WARN_UNINITIALIZED_AUTOS = YES_AGGRESSIVE;
				GCC_WARN_UNUSED_FUNCTION = YES;
				GCC_WARN_UNUSED_VARIABLE = YES;
				IPHONEOS_DEPLOYMENT_TARGET = 26.2;
				LOCALIZATION_PREFERS_STRING_CATALOGS = YES;
				MTL_ENABLE_DEBUG_INFO = INCLUDE_SOURCE;
				MTL_FAST_MATH = YES;
				ONLY_ACTIVE_ARCH = YES;
				SDKROOT = iphoneos;
				STRING_CATALOG_GENERATE_SYMBOLS = YES;
				SWIFT_ACTIVE_COMPILATION_CONDITIONS = "DEBUG $(inherited)";
				SWIFT_OPTIMIZATION_LEVEL = "-Onone";
			};
			name = Debug;
		};
		BED007802EFFFB32008E5FDB /* Release */ = {
			isa = XCBuildConfiguration;
			buildSettings = {
				ALWAYS_SEARCH_USER_PATHS = NO;
				ASSETCATALOG_COMPILER_GENERATE_SWIFT_ASSET_SYMBOL_EXTENSIONS = YES;
				CLANG_ANALYZER_LOCALIZABILITY_NONLOCALIZED = YES;
				CLANG_ANALYZER_NONNULL = YES;
				CLANG_ANALYZER_NUMBER_OBJECT_CONVERSION = YES_AGGRESSIVE;
				CLANG_CXX_LANGUAGE_STANDARD = "gnu++20";
				CLANG_ENABLE_MODULES = YES;
				CLANG_ENABLE_OBJC_ARC = YES;
				CLANG_ENABLE_OBJC_WEAK = YES;
				CLANG_WARN_BLOCK_CAPTURE_AUTORELEASING = YES;
				CLANG_WARN_BOOL_CONVERSION = YES;
				CLANG_WARN_COMMA = YES;
				CLANG_WARN_CONSTANT_CONVERSION = YES;
				CLANG_WARN_DEPRECATED_OBJC_IMPLEMENTATIONS = YES;
				CLANG_WARN_DIRECT_OBJC_ISA_USAGE = YES_ERROR;
				CLANG_WARN_DOCUMENTATION_COMMENTS = YES;
				CLANG_WARN_EMPTY_BODY = YES;
				CLANG_WARN_ENUM_CONVERSION = YES;
				CLANG_WARN_INFINITE_RECURSION = YES;
				CLANG_WARN_INT_CONVERSION = YES;
				CLANG_WARN_NON_LITERAL_NULL_CONVERSION = YES;
				CLANG_WARN_OBJC_IMPLICIT_RETAIN_SELF = YES;
				CLANG_WARN_OBJC_LITERAL_CONVERSION = YES;
				CLANG_WARN_OBJC_ROOT_CLASS = YES_ERROR;
				CLANG_WARN_QUOTED_INCLUDE_IN_FRAMEWORK_HEADER = YES;
				CLANG_WARN_RANGE_LOOP_ANALYSIS = YES;
				CLANG_WARN_STRICT_PROTOTYPES = YES;
				CLANG_WARN_SUSPICIOUS_MOVE = YES;
				CLANG_WARN_UNGUARDED_AVAILABILITY = YES_AGGRESSIVE;
				CLANG_WARN_UNREACHABLE_CODE = YES;
				CLANG_WARN__DUPLICATE_METHOD_MATCH = YES;
				COPY_PHASE_STRIP = NO;
				DEBUG_INFORMATION_FORMAT = "dwarf-with-dsym";
				DEVELOPMENT_TEAM = 3DD4568297;
				ENABLE_NS_ASSERTIONS = NO;
				ENABLE_STRICT_OBJC_MSGSEND = YES;
				ENABLE_USER_SCRIPT_SANDBOXING = YES;
				GCC_C_LANGUAGE_STANDARD = gnu17;
				GCC_NO_COMMON_BLOCKS = YES;
				GCC_WARN_64_TO_32_BIT_CONVERSION = YES;
				GCC_WARN_ABOUT_RETURN_TYPE = YES_ERROR;
				GCC_WARN_UNDECLARED_SELECTOR = YES;
				GCC_WARN_UNINITIALIZED_AUTOS = YES_AGGRESSIVE;
				GCC_WARN_UNUSED_FUNCTION = YES;
				GCC_WARN_UNUSED_VARIABLE = YES;
				IPHONEOS_DEPLOYMENT_TARGET = 26.2;
				LOCALIZATION_PREFERS_STRING_CATALOGS = YES;
				MTL_ENABLE_DEBUG_INFO = NO;
				MTL_FAST_MATH = YES;
				SDKROOT = iphoneos;
				STRING_CATALOG_GENERATE_SYMBOLS = YES;
				SWIFT_COMPILATION_MODE = wholemodule;
				VALIDATE_PRODUCT = YES;
			};
			name = Release;
		};
		BED007822EFFFB32008E5FDB /* Debug */ = {
			isa = XCBuildConfiguration;
			buildSettings = {
				ASSETCATALOG_COMPILER_APPICON_NAME = AppIcon;
				ASSETCATALOG_COMPILER_GLOBAL_ACCENT_COLOR_NAME = AccentColor;
				ASSETCATALOG_COMPILER_INCLUDE_ALL_APPICON_ASSETS = YES;
				CODE_SIGN_ENTITLEMENTS = "Games Collection/Games Collection.entitlements";
				CODE_SIGN_STYLE = Automatic;
				CURRENT_PROJECT_VERSION = 2;
				DEVELOPMENT_TEAM = FNJJM26MWJ;
				ENABLE_PREVIEWS = YES;
				GENERATE_INFOPLIST_FILE = YES;
				INFOPLIST_FILE = "Games-Collection-Info.plist";
				INFOPLIST_KEY_ITSAppUsesNonExemptEncryption = NO;
				INFOPLIST_KEY_LSApplicationCategoryType = "public.app-category.games";
				INFOPLIST_KEY_NSGKFriendListUsageDescription = "This app uses your Game Center friends list to show friend-based multiplayer and leaderboard features.\n";
				INFOPLIST_KEY_NSLocalNetworkUsageDescription = "Games Collection benötigt Zugriff auf das lokale Netzwerk, um Multiplayer-Spiele mit anderen Geräten in deiner Nähe zu ermöglichen.";
				INFOPLIST_KEY_UIApplicationSceneManifest_Generation = YES;
				INFOPLIST_KEY_UIApplicationSupportsIndirectInputEvents = YES;
				INFOPLIST_KEY_UILaunchScreen_Generation = YES;
				INFOPLIST_KEY_UISupportedInterfaceOrientations_iPad = "UIInterfaceOrientationPortrait UIInterfaceOrientationPortraitUpsideDown UIInterfaceOrientationLandscapeLeft UIInterfaceOrientationLandscapeRight";
				INFOPLIST_KEY_UISupportedInterfaceOrientations_iPhone = "UIInterfaceOrientationPortrait UIInterfaceOrientationLandscapeLeft UIInterfaceOrientationLandscapeRight";
				IPHONEOS_DEPLOYMENT_TARGET = 18.6;
				LD_RUNPATH_SEARCH_PATHS = (
					"$(inherited)",
					"@executable_path/Frameworks",
				);
				MARKETING_VERSION = 1.0;
				PRODUCT_BUNDLE_IDENTIFIER = "Ken.Games-Collection";
				PRODUCT_NAME = "$(TARGET_NAME)";
				STRING_CATALOG_GENERATE_SYMBOLS = YES;
				SUPPORTED_PLATFORMS = "iphoneos iphonesimulator";
				SUPPORTS_MACCATALYST = NO;
				SUPPORTS_MAC_DESIGNED_FOR_IPHONE_IPAD = NO;
				SUPPORTS_XR_DESIGNED_FOR_IPHONE_IPAD = NO;
				SWIFT_APPROACHABLE_CONCURRENCY = YES;
				SWIFT_DEFAULT_ACTOR_ISOLATION = MainActor;
				SWIFT_EMIT_LOC_STRINGS = YES;
				SWIFT_UPCOMING_FEATURE_MEMBER_IMPORT_VISIBILITY = YES;
				SWIFT_VERSION = 6.0;
				TARGETED_DEVICE_FAMILY = "1,2";
			};
			name = Debug;
		};
		BED007832EFFFB32008E5FDB /* Release */ = {
			isa = XCBuildConfiguration;
			buildSettings = {
				ASSETCATALOG_COMPILER_APPICON_NAME = AppIcon;
				ASSETCATALOG_COMPILER_GLOBAL_ACCENT_COLOR_NAME = AccentColor;
				ASSETCATALOG_COMPILER_INCLUDE_ALL_APPICON_ASSETS = YES;
				CODE_SIGN_ENTITLEMENTS = "Games Collection/Games Collection.entitlements";
				CODE_SIGN_STYLE = Automatic;
				CURRENT_PROJECT_VERSION = 2;
				DEVELOPMENT_TEAM = FNJJM26MWJ;
				ENABLE_PREVIEWS = YES;
				GENERATE_INFOPLIST_FILE = YES;
				INFOPLIST_FILE = "Games-Collection-Info.plist";
				INFOPLIST_KEY_ITSAppUsesNonExemptEncryption = NO;
				INFOPLIST_KEY_LSApplicationCategoryType = "public.app-category.games";
				INFOPLIST_KEY_NSGKFriendListUsageDescription = "This app uses your Game Center friends list to show friend-based multiplayer and leaderboard features.\n";
				INFOPLIST_KEY_NSLocalNetworkUsageDescription = "Games Collection benötigt Zugriff auf das lokale Netzwerk, um Multiplayer-Spiele mit anderen Geräten in deiner Nähe zu ermöglichen.";
				INFOPLIST_KEY_UIApplicationSceneManifest_Generation = YES;
				INFOPLIST_KEY_UIApplicationSupportsIndirectInputEvents = YES;
				INFOPLIST_KEY_UILaunchScreen_Generation = YES;
				INFOPLIST_KEY_UISupportedInterfaceOrientations_iPad = "UIInterfaceOrientationPortrait UIInterfaceOrientationPortraitUpsideDown UIInterfaceOrientationLandscapeLeft UIInterfaceOrientationLandscapeRight";
				INFOPLIST_KEY_UISupportedInterfaceOrientations_iPhone = "UIInterfaceOrientationPortrait UIInterfaceOrientationLandscapeLeft UIInterfaceOrientationLandscapeRight";
				IPHONEOS_DEPLOYMENT_TARGET = 18.6;
				LD_RUNPATH_SEARCH_PATHS = (
					"$(inherited)",
					"@executable_path/Frameworks",
				);
				MARKETING_VERSION = 1.0;
				PRODUCT_BUNDLE_IDENTIFIER = "Ken.Games-Collection";
				PRODUCT_NAME = "$(TARGET_NAME)";
				STRING_CATALOG_GENERATE_SYMBOLS = YES;
				SUPPORTED_PLATFORMS = "iphoneos iphonesimulator";
				SUPPORTS_MACCATALYST = NO;
				SUPPORTS_MAC_DESIGNED_FOR_IPHONE_IPAD = NO;
				SUPPORTS_XR_DESIGNED_FOR_IPHONE_IPAD = NO;
				SWIFT_APPROACHABLE_CONCURRENCY = YES;
				SWIFT_DEFAULT_ACTOR_ISOLATION = MainActor;
				SWIFT_EMIT_LOC_STRINGS = YES;
				SWIFT_UPCOMING_FEATURE_MEMBER_IMPORT_VISIBILITY = YES;
				SWIFT_VERSION = 6.0;
				TARGETED_DEVICE_FAMILY = "1,2";
			};
			name = Release;
		};
/* End XCBuildConfiguration section */

/* Begin XCConfigurationList section */
		BED007712EFFFB2B008E5FDB /* Build configuration list for PBXProject "Games Collection" */ = {
			isa = XCConfigurationList;
			buildConfigurations = (
				BED0077F2EFFFB32008E5FDB /* Debug */,
				BED007802EFFFB32008E5FDB /* Release */,
			);
			defaultConfigurationIsVisible = 0;
			defaultConfigurationName = Release;
		};
		BED007812EFFFB32008E5FDB /* Build configuration list for PBXNativeTarget "Games Collection" */ = {
			isa = XCConfigurationList;
			buildConfigurations = (
				BED007822EFFFB32008E5FDB /* Debug */,
				BED007832EFFFB32008E5FDB /* Release */,
			);
			defaultConfigurationIsVisible = 0;
			defaultConfigurationName = Release;
		};
/* End XCConfigurationList section */

/* Begin XCRemoteSwiftPackageReference section */
		B93316E92FA5FB110039C91E /* XCRemoteSwiftPackageReference "swift-collections" */ = {
			isa = XCRemoteSwiftPackageReference;
			repositoryURL = "https://github.com/apple/swift-collections.git";
			requirement = {
				kind = upToNextMajorVersion;
				minimumVersion = 1.4.1;
			};
		};
		B93317012FA5FB5B0039C91E /* XCRemoteSwiftPackageReference "swift-algorithms" */ = {
			isa = XCRemoteSwiftPackageReference;
			repositoryURL = "https://github.com/apple/swift-algorithms.git";
			requirement = {
				kind = upToNextMajorVersion;
				minimumVersion = 1.2.1;
			};
		};
		B93317042FA5FBD00039C91E /* XCRemoteSwiftPackageReference "swift-async-algorithms" */ = {
			isa = XCRemoteSwiftPackageReference;
			repositoryURL = "https://github.com/apple/swift-async-algorithms.git";
			requirement = {
				kind = upToNextMajorVersion;
				minimumVersion = 1.1.3;
			};
		};
		B93317232FA5FC420039C91E /* XCRemoteSwiftPackageReference "SFSafeSymbols" */ = {
			isa = XCRemoteSwiftPackageReference;
			repositoryURL = "https://github.com/SFSafeSymbols/SFSafeSymbols";
			requirement = {
				kind = upToNextMajorVersion;
				minimumVersion = 7.0.0;
			};
		};
		B93317262FA5FC7B0039C91E /* XCRemoteSwiftPackageReference "Pow" */ = {
			isa = XCRemoteSwiftPackageReference;
			repositoryURL = "https://github.com/EmergeTools/Pow";
			requirement = {
				kind = upToNextMajorVersion;
				minimumVersion = 1.0.6;
			};
		};
		BE763CEB2F8EA66C004DE460 /* XCRemoteSwiftPackageReference "lottie-ios" */ = {
			isa = XCRemoteSwiftPackageReference;
			repositoryURL = "https://github.com/airbnb/lottie-ios.git";
			requirement = {
				kind = upToNextMajorVersion;
				minimumVersion = 4.6.0;
			};
		};
/* End XCRemoteSwiftPackageReference section */

/* Begin XCSwiftPackageProductDependency section */
		B93316EB2FA5FB430039C91E /* _RopeModule */ = {
			isa = XCSwiftPackageProductDependency;
			package = B93316E92FA5FB110039C91E /* XCRemoteSwiftPackageReference "swift-collections" */;
			productName = _RopeModule;
		};
		B93316ED2FA5FB430039C91E /* BasicContainers */ = {
			isa = XCSwiftPackageProductDependency;
			package = B93316E92FA5FB110039C91E /* XCRemoteSwiftPackageReference "swift-collections" */;
			productName = BasicContainers;
		};
		B93316EF2FA5FB430039C91E /* BitCollections */ = {
			isa = XCSwiftPackageProductDependency;
			package = B93316E92FA5FB110039C91E /* XCRemoteSwiftPackageReference "swift-collections" */;
			productName = BitCollections;
		};
		B93316F12FA5FB430039C91E /* Collections */ = {
			isa = XCSwiftPackageProductDependency;
			package = B93316E92FA5FB110039C91E /* XCRemoteSwiftPackageReference "swift-collections" */;
			productName = Collections;
		};
		B93316F32FA5FB430039C91E /* ContainersPreview */ = {
			isa = XCSwiftPackageProductDependency;
			package = B93316E92FA5FB110039C91E /* XCRemoteSwiftPackageReference "swift-collections" */;
			productName = ContainersPreview;
		};
		B93316F52FA5FB430039C91E /* DequeModule */ = {
			isa = XCSwiftPackageProductDependency;
			package = B93316E92FA5FB110039C91E /* XCRemoteSwiftPackageReference "swift-collections" */;
			productName = DequeModule;
		};
		B93316F72FA5FB430039C91E /* HashTreeCollections */ = {
			isa = XCSwiftPackageProductDependency;
			package = B93316E92FA5FB110039C91E /* XCRemoteSwiftPackageReference "swift-collections" */;
			productName = HashTreeCollections;
		};
		B93316F92FA5FB430039C91E /* HeapModule */ = {
			isa = XCSwiftPackageProductDependency;
			package = B93316E92FA5FB110039C91E /* XCRemoteSwiftPackageReference "swift-collections" */;
			productName = HeapModule;
		};
		B93316FB2FA5FB430039C91E /* OrderedCollections */ = {
			isa = XCSwiftPackageProductDependency;
			package = B93316E92FA5FB110039C91E /* XCRemoteSwiftPackageReference "swift-collections" */;
			productName = OrderedCollections;
		};
		B93316FD2FA5FB430039C91E /* SortedCollections */ = {
			isa = XCSwiftPackageProductDependency;
			package = B93316E92FA5FB110039C91E /* XCRemoteSwiftPackageReference "swift-collections" */;
			productName = SortedCollections;
		};
		B93316FF2FA5FB430039C91E /* TrailingElementsModule */ = {
			isa = XCSwiftPackageProductDependency;
			package = B93316E92FA5FB110039C91E /* XCRemoteSwiftPackageReference "swift-collections" */;
			productName = TrailingElementsModule;
		};
		B93317022FA5FB5B0039C91E /* Algorithms */ = {
			isa = XCSwiftPackageProductDependency;
			package = B93317012FA5FB5B0039C91E /* XCRemoteSwiftPackageReference "swift-algorithms" */;
			productName = Algorithms;
		};
		B93317052FA5FBD00039C91E /* AsyncAlgorithms */ = {
			isa = XCSwiftPackageProductDependency;
			package = B93317042FA5FBD00039C91E /* XCRemoteSwiftPackageReference "swift-async-algorithms" */;
			productName = AsyncAlgorithms;
		};
		B93317072FA5FC1D0039C91E /* Lottie */ = {
			isa = XCSwiftPackageProductDependency;
			package = BE763CEB2F8EA66C004DE460 /* XCRemoteSwiftPackageReference "lottie-ios" */;
			productName = Lottie;
		};
		B93317092FA5FC1D0039C91E /* _RopeModule */ = {
			isa = XCSwiftPackageProductDependency;
			package = B93316E92FA5FB110039C91E /* XCRemoteSwiftPackageReference "swift-collections" */;
			productName = _RopeModule;
		};
		B933170B2FA5FC1D0039C91E /* BasicContainers */ = {
			isa = XCSwiftPackageProductDependency;
			package = B93316E92FA5FB110039C91E /* XCRemoteSwiftPackageReference "swift-collections" */;
			productName = BasicContainers;
		};
		B933170D2FA5FC1D0039C91E /* BitCollections */ = {
			isa = XCSwiftPackageProductDependency;
			package = B93316E92FA5FB110039C91E /* XCRemoteSwiftPackageReference "swift-collections" */;
			productName = BitCollections;
		};
		B933170F2FA5FC1D0039C91E /* Collections */ = {
			isa = XCSwiftPackageProductDependency;
			package = B93316E92FA5FB110039C91E /* XCRemoteSwiftPackageReference "swift-collections" */;
			productName = Collections;
		};
		B93317112FA5FC1D0039C91E /* ContainersPreview */ = {
			isa = XCSwiftPackageProductDependency;
			package = B93316E92FA5FB110039C91E /* XCRemoteSwiftPackageReference "swift-collections" */;
			productName = ContainersPreview;
		};
		B93317132FA5FC1D0039C91E /* DequeModule */ = {
			isa = XCSwiftPackageProductDependency;
			package = B93316E92FA5FB110039C91E /* XCRemoteSwiftPackageReference "swift-collections" */;
			productName = DequeModule;
		};
		B93317152FA5FC1D0039C91E /* HashTreeCollections */ = {
			isa = XCSwiftPackageProductDependency;
			package = B93316E92FA5FB110039C91E /* XCRemoteSwiftPackageReference "swift-collections" */;
			productName = HashTreeCollections;
		};
		B93317172FA5FC1D0039C91E /* HeapModule */ = {
			isa = XCSwiftPackageProductDependency;
			package = B93316E92FA5FB110039C91E /* XCRemoteSwiftPackageReference "swift-collections" */;
			productName = HeapModule;
		};
		B93317192FA5FC1D0039C91E /* OrderedCollections */ = {
			isa = XCSwiftPackageProductDependency;
			package = B93316E92FA5FB110039C91E /* XCRemoteSwiftPackageReference "swift-collections" */;
			productName = OrderedCollections;
		};
		B933171B2FA5FC1D0039C91E /* SortedCollections */ = {
			isa = XCSwiftPackageProductDependency;
			package = B93316E92FA5FB110039C91E /* XCRemoteSwiftPackageReference "swift-collections" */;
			productName = SortedCollections;
		};
		B933171D2FA5FC1D0039C91E /* TrailingElementsModule */ = {
			isa = XCSwiftPackageProductDependency;
			package = B93316E92FA5FB110039C91E /* XCRemoteSwiftPackageReference "swift-collections" */;
			productName = TrailingElementsModule;
		};
		B933171F2FA5FC1D0039C91E /* Algorithms */ = {
			isa = XCSwiftPackageProductDependency;
			package = B93317012FA5FB5B0039C91E /* XCRemoteSwiftPackageReference "swift-algorithms" */;
			productName = Algorithms;
		};
		B93317212FA5FC1D0039C91E /* AsyncAlgorithms */ = {
			isa = XCSwiftPackageProductDependency;
			package = B93317042FA5FBD00039C91E /* XCRemoteSwiftPackageReference "swift-async-algorithms" */;
			productName = AsyncAlgorithms;
		};
		B93317242FA5FC420039C91E /* SFSafeSymbols */ = {
			isa = XCSwiftPackageProductDependency;
			package = B93317232FA5FC420039C91E /* XCRemoteSwiftPackageReference "SFSafeSymbols" */;
			productName = SFSafeSymbols;
		};
		B93317272FA5FC7B0039C91E /* Pow */ = {
			isa = XCSwiftPackageProductDependency;
			package = B93317262FA5FC7B0039C91E /* XCRemoteSwiftPackageReference "Pow" */;
			productName = Pow;
		};
		B93317292FA5FC880039C91E /* SFSafeSymbols */ = {
			isa = XCSwiftPackageProductDependency;
			package = B93317232FA5FC420039C91E /* XCRemoteSwiftPackageReference "SFSafeSymbols" */;
			productName = SFSafeSymbols;
		};
		B933172B2FA5FC880039C91E /* Pow */ = {
			isa = XCSwiftPackageProductDependency;
			package = B93317262FA5FC7B0039C91E /* XCRemoteSwiftPackageReference "Pow" */;
			productName = Pow;
		};
		BE763CEC2F8EA66C004DE460 /* Lottie */ = {
			isa = XCSwiftPackageProductDependency;
			package = BE763CEB2F8EA66C004DE460 /* XCRemoteSwiftPackageReference "lottie-ios" */;
			productName = Lottie;
		};
/* End XCSwiftPackageProductDependency section */
	};
	rootObject = BED0076E2EFFFB2B008E5FDB /* Project object */;
}
